{
  "version": 4,
  "terraform_version": "1.4.6",
  "serial": 7,
  "lineage": "af6a7de8-51f0-32d3-f45b-a03bd76ebad3",
  "outputs": {},
  "resources": [
    {
      "mode": "managed",
      "type": "aws_instance",
      "name": "jenkins",
      "provider": "provider[\"registry.terraform.io/hashicorp/aws\"]",
      "instances": [
        {
          "schema_version": 1,
          "attributes": {
            "ami": "ami-0fc5d935ebf8bc3bc",
            "arn": "arn:aws:ec2:us-east-1:438425290537:instance/i-0a82045ace9854d5c",
            "associate_public_ip_address": true,
            "availability_zone": "us-east-1a",
            "capacity_reservation_specification": [
              {
                "capacity_reservation_preference": "open",
                "capacity_reservation_target": []
              }
            ],
            "cpu_core_count": 2,
            "cpu_options": [
              {
                "amd_sev_snp": "",
                "core_count": 2,
                "threads_per_core": 1
              }
            ],
            "cpu_threads_per_core": 1,
            "credit_specification": [
              {
                "cpu_credits": "standard"
              }
            ],
            "disable_api_stop": false,
            "disable_api_termination": false,
            "ebs_block_device": [],
            "ebs_optimized": false,
            "enclave_options": [
              {
                "enabled": false
              }
            ],
            "ephemeral_block_device": [],
            "get_password_data": false,
            "hibernation": false,
            "host_id": "",
            "host_resource_group_arn": null,
            "iam_instance_profile": "",
            "id": "i-0a82045ace9854d5c",
            "instance_initiated_shutdown_behavior": "stop",
            "instance_lifecycle": "",
            "instance_market_options": [],
            "instance_state": "running",
            "instance_type": "t2.medium",
            "ipv6_address_count": 0,
            "ipv6_addresses": [],
            "key_name": "Deployer",
            "launch_template": [],
            "maintenance_options": [
              {
                "auto_recovery": "default"
              }
            ],
            "metadata_options": [
              {
                "http_endpoint": "enabled",
                "http_protocol_ipv6": "disabled",
                "http_put_response_hop_limit": 1,
                "http_tokens": "optional",
                "instance_metadata_tags": "disabled"
              }
            ],
            "monitoring": false,
            "network_interface": [],
            "outpost_arn": "",
            "password_data": "",
            "placement_group": "",
            "placement_partition_number": 0,
            "primary_network_interface_id": "eni-0d76f3a371e86ba63",
            "private_dns": "ip-172-31-83-91.ec2.internal",
            "private_dns_name_options": [
              {
                "enable_resource_name_dns_a_record": false,
                "enable_resource_name_dns_aaaa_record": false,
                "hostname_type": "ip-name"
              }
            ],
            "private_ip": "172.31.83.91",
            "public_dns": "ec2-18-206-125-250.compute-1.amazonaws.com",
            "public_ip": "18.206.125.250",
            "root_block_device": [
              {
                "delete_on_termination": true,
                "device_name": "/dev/sda1",
                "encrypted": false,
                "iops": 100,
                "kms_key_id": "",
                "tags": {},
                "throughput": 0,
                "volume_id": "vol-0795bd483b2b1c672",
                "volume_size": 8,
                "volume_type": "gp2"
              }
            ],
            "secondary_private_ips": [],
            "security_groups": [
              "Jenkins-Security Group"
            ],
            "source_dest_check": true,
            "spot_instance_request_id": "",
            "subnet_id": "subnet-08f817e0c9abfbfbe",
            "tags": {
              "Name": "Jenkins-Ansible"
            },
            "tags_all": {
              "Name": "Jenkins-Ansible"
            },
            "tenancy": "default",
            "timeouts": null,
            "user_data": "be3b3c3eaa523f514059f8941a3e0d4e4f00ecd0",
            "user_data_base64": null,
            "user_data_replace_on_change": false,
            "volume_tags": null,
            "vpc_security_group_ids": [
              "sg-0dd1e84e3d5f0399d"
            ]
          },
          "sensitive_attributes": [],
          "private": "eyJlMmJmYjczMC1lY2FhLTExZTYtOGY4OC0zNDM2M2JjN2M0YzAiOnsiY3JlYXRlIjo2MDAwMDAwMDAwMDAsImRlbGV0ZSI6MTIwMDAwMDAwMDAwMCwidXBkYXRlIjo2MDAwMDAwMDAwMDB9LCJzY2hlbWFfdmVyc2lvbiI6IjEifQ==",
          "dependencies": [
            "aws_security_group.Jenkins-sg"
          ]
        }
      ]
    },
    {
      "mode": "managed",
      "type": "aws_security_group",
      "name": "Jenkins-sg",
      "provider": "provider[\"registry.terraform.io/hashicorp/aws\"]",
      "instances": [
        {
          "schema_version": 1,
          "attributes": {
            "arn": "arn:aws:ec2:us-east-1:438425290537:security-group/sg-0dd1e84e3d5f0399d",
            "description": "Open 22,443,80,8080",
            "egress": [
              {
                "cidr_blocks": [
                  "0.0.0.0/0"
                ],
                "description": "",
                "from_port": 0,
                "ipv6_cidr_blocks": [],
                "prefix_list_ids": [],
                "protocol": "-1",
                "security_groups": [],
                "self": false,
                "to_port": 0
              }
            ],
            "id": "sg-0dd1e84e3d5f0399d",
            "ingress": [
              {
                "cidr_blocks": [
                  "0.0.0.0/0"
                ],
                "description": "TLS from VPC",
                "from_port": 22,
                "ipv6_cidr_blocks": [],
                "prefix_list_ids": [],
                "protocol": "tcp",
                "security_groups": [],
                "self": false,
                "to_port": 22
              },
              {
                "cidr_blocks": [
                  "0.0.0.0/0"
                ],
                "description": "TLS from VPC",
                "from_port": 443,
                "ipv6_cidr_blocks": [],
                "prefix_list_ids": [],
                "protocol": "tcp",
                "security_groups": [],
                "self": false,
                "to_port": 443
              },
              {
                "cidr_blocks": [
                  "0.0.0.0/0"
                ],
                "description": "TLS from VPC",
                "from_port": 8080,
                "ipv6_cidr_blocks": [],
                "prefix_list_ids": [],
                "protocol": "tcp",
                "security_groups": [],
                "self": false,
                "to_port": 8080
              },
              {
                "cidr_blocks": [
                  "0.0.0.0/0"
                ],
                "description": "TLS from VPC",
                "from_port": 80,
                "ipv6_cidr_blocks": [],
                "prefix_list_ids": [],
                "protocol": "tcp",
                "security_groups": [],
                "self": false,
                "to_port": 80
              }
            ],
            "name": "Jenkins-Security Group",
            "name_prefix": "",
            "owner_id": "438425290537",
            "revoke_rules_on_delete": false,
            "tags": {
              "Name": "Jenkins-sg"
            },
            "tags_all": {
              "Name": "Jenkins-sg"
            },
            "timeouts": null,
            "vpc_id": "vpc-04a35d6baf7acd1fa"
          },
          "sensitive_attributes": [],
          "private": "eyJlMmJmYjczMC1lY2FhLTExZTYtOGY4OC0zNDM2M2JjN2M0YzAiOnsiY3JlYXRlIjo2MDAwMDAwMDAwMDAsImRlbGV0ZSI6OTAwMDAwMDAwMDAwfSwic2NoZW1hX3ZlcnNpb24iOiIxIn0="
        }
      ]
    },
    {
      "mode": "managed",
      "type": "tls_private_key",
      "name": "this",
      "provider": "provider[\"registry.terraform.io/hashicorp/tls\"]",
      "instances": [
        {
          "schema_version": 1,
          "attributes": {
            "algorithm": "RSA",
            "ecdsa_curve": "P224",
            "id": "d9d299271097982f2573b9e2996fd13ca5f07341",
            "private_key_openssh": "-----BEGIN OPENSSH PRIVATE KEY-----\nb3BlbnNzaC1rZXktdjEAAAAABG5vbmUAAAAEbm9uZQAAAAAAAAABAAABFwAAAAdz\nc2gtcnNhAAAAAwEAAQAAAQEA5irjBZHYZQYsN1O0uXBwgspJ3JjOAyDHJYh57kY7\nrUp8Dfqj27E6Ye2kmYp31bwVPRQwSKSM2UUjJpCxRbJ/Lub3QKB1XoaiH4PrQdsV\nAUxqFNqn6+Tiv+aFp60yrCc2rqVQLLLofxDVyQyAI2MPFYhZA/BetoF9qiTl+eFD\nMMnFqAJKgTiDCgnmN7mWvh6cboF9Ay371zcokgP8bs0lE8ILB151B6HF0zOiE2Hb\nBooSw5neiJhXAdWIup098VOibV34NcZ1lhqe5fhW0kgNaruVC1PfmqYC7AjLh2Cy\nuUqlpvw5nog30JVSJY5uQESPuUnvQH9ZH+W3UE27s0WT2QAAA7hjk7bAY5O2wAAA\nAAdzc2gtcnNhAAABAQDmKuMFkdhlBiw3U7S5cHCCykncmM4DIMcliHnuRjutSnwN\n+qPbsTph7aSZinfVvBU9FDBIpIzZRSMmkLFFsn8u5vdAoHVehqIfg+tB2xUBTGoU\n2qfr5OK/5oWnrTKsJzaupVAssuh/ENXJDIAjYw8ViFkD8F62gX2qJOX54UMwycWo\nAkqBOIMKCeY3uZa+HpxugX0DLfvXNyiSA/xuzSUTwgsHXnUHocXTM6ITYdsGihLD\nmd6ImFcB1Yi6nT3xU6JtXfg1xnWWGp7l+FbSSA1qu5ULU9+apgLsCMuHYLK5SqWm\n/DmeiDfQlVIljm5ARI+5Se9Af1kf5bdQTbuzRZPZAAAAAwEAAQAAAQEAvaq3mx5c\n+JrGku0KbwlF3bE+fmb41MEM+lPlTkFX6ewIICjbIC2CU7JVwiTFrT4pLkTVqPbY\nDi6X0a7INgvqHEc9lmbjcPp23IuDsKgNPh2vCPJKD+x0IfifSNZDfHNv7yjQ0ZS4\nXAUOdncznHWDt5W87K8GDVTVrgBr9qb3DFqYyqIrD0aLIGHkQOb7DVV1L4sWMmvt\nYeHe7TMPozSnlQnUoNzVAJtvUKGKXw1eflDL2xKFRRb9pvHvG085vgRLBtPebN+x\nkgxFQRtOs8MRcVXtcJbtXlO+rYkVnGyoDW0G73Z5d+qAEtcecJiq3CTQIctz9QcZ\nU3augbuHg75Y9QAAAIAza6A+yUCFrtP1X3QjEssfyxCZo6nRSmz1iJjHrTAI80u8\ndExu54zDDWtjoPENQveZCNw4VzH+jLZwem4/a2k8Z9M3vYJyAHYyBBYUCgrorEdZ\n/AXABEDdrNtFpvCLEnAS53e/9ZrOor1suTkELMSB3atEidmFEJ7r8cqcJLiZ+wAA\nAIEA74MsupVVuC2S0XZSedoVRD40ajrXZtJ7gxwiSSEhrZVWA7/EGXsifaiYWfV/\nhN9bHfSE8hKirInP35Cz57r+QEK5NOb4BijnkrzocEIzS20e8UbpDdqwhpJLGRz5\nje4VaJmU8njiwN+lNOGjESTToQ3AoU9mkzO1ula7mVgqszsAAACBAPYDCAT4urE7\nETkjZd8BL9ti0TJAQzRl13QvSM2AdLx7HH4T7nXvnWW8coeBh/9+CxhXxDzEoOHP\n6fyWTm7VDFNiwBSAPhABaRI/+VyFKRe7OOGRoL/8md/o52ud568prVPcQQiSvpo8\nX8tkZQpUBKhjMRuKZdp/Yh30uKmGN/v7AAAAAAEC\n-----END OPENSSH PRIVATE KEY-----\n",
            "private_key_pem": "-----BEGIN RSA PRIVATE KEY-----\nMIIEpAIBAAKCAQEA5irjBZHYZQYsN1O0uXBwgspJ3JjOAyDHJYh57kY7rUp8Dfqj\n27E6Ye2kmYp31bwVPRQwSKSM2UUjJpCxRbJ/Lub3QKB1XoaiH4PrQdsVAUxqFNqn\n6+Tiv+aFp60yrCc2rqVQLLLofxDVyQyAI2MPFYhZA/BetoF9qiTl+eFDMMnFqAJK\ngTiDCgnmN7mWvh6cboF9Ay371zcokgP8bs0lE8ILB151B6HF0zOiE2HbBooSw5ne\niJhXAdWIup098VOibV34NcZ1lhqe5fhW0kgNaruVC1PfmqYC7AjLh2CyuUqlpvw5\nnog30JVSJY5uQESPuUnvQH9ZH+W3UE27s0WT2QIDAQABAoIBAQC9qrebHlz4msaS\n7QpvCUXdsT5+ZvjUwQz6U+VOQVfp7AggKNsgLYJTslXCJMWtPikuRNWo9tgOLpfR\nrsg2C+ocRz2WZuNw+nbci4OwqA0+Ha8I8koP7HQh+J9I1kN8c2/vKNDRlLhcBQ52\ndzOcdYO3lbzsrwYNVNWuAGv2pvcMWpjKoisPRosgYeRA5vsNVXUvixYya+1h4d7t\nMw+jNKeVCdSg3NUAm29QoYpfDV5+UMvbEoVFFv2m8e8bTzm+BEsG095s37GSDEVB\nG06zwxFxVe1wlu1eU76tiRWcbKgNbQbvdnl36oAS1x5wmKrcJNAhy3P1BxlTdq6B\nu4eDvlj1AoGBAO+DLLqVVbgtktF2UnnaFUQ+NGo612bSe4McIkkhIa2VVgO/xBl7\nIn2omFn1f4TfWx30hPISoqyJz9+Qs+e6/kBCuTTm+AYo55K86HBCM0ttHvFG6Q3a\nsIaSSxkc+Y3uFWiZlPJ44sDfpTThoxEk06ENwKFPZpMztbpWu5lYKrM7AoGBAPYD\nCAT4urE7ETkjZd8BL9ti0TJAQzRl13QvSM2AdLx7HH4T7nXvnWW8coeBh/9+CxhX\nxDzEoOHP6fyWTm7VDFNiwBSAPhABaRI/+VyFKRe7OOGRoL/8md/o52ud568prVPc\nQQiSvpo8X8tkZQpUBKhjMRuKZdp/Yh30uKmGN/v7AoGAL3oiIK4/eq3V/51jxfG7\n63YlL7WQQzqP7zJhfXuK0HzcuwuFVMO614vW/2YRrAYWar6wp8eX5Xm/8gIeF15S\nzewsCFeMbLQpC0ZVEQOeZWIxEwTKZ8uk2FgheM3sjfzW05A2HUZnNHJgrjXX/Cr/\npFo0iAVUQPOsH07YCxKWDEcCgYEAkrpcHhr7vpksPJgQOmHK2V6mxwHtE2NqjbFm\nCquC9Ke45rmckFrJ1dP/uzJWmtviYjJ2qIfeLNCFDlHXleMb5uAPECss2P7+XBQr\n9jK1v6G6206wQdG3NQUEgfs8JA0Hg+zqHOLpK7S2rejDGtXhsUz4DSUOerNfId7E\nBNg4q+ECgYAza6A+yUCFrtP1X3QjEssfyxCZo6nRSmz1iJjHrTAI80u8dExu54zD\nDWtjoPENQveZCNw4VzH+jLZwem4/a2k8Z9M3vYJyAHYyBBYUCgrorEdZ/AXABEDd\nrNtFpvCLEnAS53e/9ZrOor1suTkELMSB3atEidmFEJ7r8cqcJLiZ+w==\n-----END RSA PRIVATE KEY-----\n",
            "private_key_pem_pkcs8": "-----BEGIN PRIVATE KEY-----\nMIIEvgIBADANBgkqhkiG9w0BAQEFAASCBKgwggSkAgEAAoIBAQDmKuMFkdhlBiw3\nU7S5cHCCykncmM4DIMcliHnuRjutSnwN+qPbsTph7aSZinfVvBU9FDBIpIzZRSMm\nkLFFsn8u5vdAoHVehqIfg+tB2xUBTGoU2qfr5OK/5oWnrTKsJzaupVAssuh/ENXJ\nDIAjYw8ViFkD8F62gX2qJOX54UMwycWoAkqBOIMKCeY3uZa+HpxugX0DLfvXNyiS\nA/xuzSUTwgsHXnUHocXTM6ITYdsGihLDmd6ImFcB1Yi6nT3xU6JtXfg1xnWWGp7l\n+FbSSA1qu5ULU9+apgLsCMuHYLK5SqWm/DmeiDfQlVIljm5ARI+5Se9Af1kf5bdQ\nTbuzRZPZAgMBAAECggEBAL2qt5seXPiaxpLtCm8JRd2xPn5m+NTBDPpT5U5BV+ns\nCCAo2yAtglOyVcIkxa0+KS5E1aj22A4ul9GuyDYL6hxHPZZm43D6dtyLg7CoDT4d\nrwjySg/sdCH4n0jWQ3xzb+8o0NGUuFwFDnZ3M5x1g7eVvOyvBg1U1a4Aa/am9wxa\nmMqiKw9GiyBh5EDm+w1VdS+LFjJr7WHh3u0zD6M0p5UJ1KDc1QCbb1Chil8NXn5Q\ny9sShUUW/abx7xtPOb4ESwbT3mzfsZIMRUEbTrPDEXFV7XCW7V5Tvq2JFZxsqA1t\nBu92eXfqgBLXHnCYqtwk0CHLc/UHGVN2roG7h4O+WPUCgYEA74MsupVVuC2S0XZS\nedoVRD40ajrXZtJ7gxwiSSEhrZVWA7/EGXsifaiYWfV/hN9bHfSE8hKirInP35Cz\n57r+QEK5NOb4BijnkrzocEIzS20e8UbpDdqwhpJLGRz5je4VaJmU8njiwN+lNOGj\nESTToQ3AoU9mkzO1ula7mVgqszsCgYEA9gMIBPi6sTsROSNl3wEv22LRMkBDNGXX\ndC9IzYB0vHscfhPude+dZbxyh4GH/34LGFfEPMSg4c/p/JZObtUMU2LAFIA+EAFp\nEj/5XIUpF7s44ZGgv/yZ3+jna53nrymtU9xBCJK+mjxfy2RlClQEqGMxG4pl2n9i\nHfS4qYY3+/sCgYAveiIgrj96rdX/nWPF8bvrdiUvtZBDOo/vMmF9e4rQfNy7C4VU\nw7rXi9b/ZhGsBhZqvrCnx5fleb/yAh4XXlLN7CwIV4xstCkLRlURA55lYjETBMpn\ny6TYWCF4zeyN/NbTkDYdRmc0cmCuNdf8Kv+kWjSIBVRA86wfTtgLEpYMRwKBgQCS\nulweGvu+mSw8mBA6YcrZXqbHAe0TY2qNsWYKq4L0p7jmuZyQWsnV0/+7Mlaa2+Ji\nMnaoh94s0IUOUdeV4xvm4A8QKyzY/v5cFCv2MrW/obrbTrBB0bc1BQSB+zwkDQeD\n7Ooc4ukrtLat6MMa1eGxTPgNJQ56s18h3sQE2Dir4QKBgDNroD7JQIWu0/VfdCMS\nyx/LEJmjqdFKbPWImMetMAjzS7x0TG7njMMNa2Og8Q1C95kI3DhXMf6MtnB6bj9r\naTxn0ze9gnIAdjIEFhQKCuisR1n8BcAEQN2s20Wm8IsScBLnd7/1ms6ivWy5OQQs\nxIHdq0SJ2YUQnuvxypwkuJn7\n-----END PRIVATE KEY-----\n",
            "public_key_fingerprint_md5": "e7:b3:44:86:16:f2:53:65:f9:ed:2f:a3:b1:a9:b4:36",
            "public_key_fingerprint_sha256": "SHA256:AEqQZchognWT78flJKnVhVG/aqr8uc3U8ly/MmLop68",
            "public_key_openssh": "ssh-rsa AAAAB3NzaC1yc2EAAAADAQABAAABAQDmKuMFkdhlBiw3U7S5cHCCykncmM4DIMcliHnuRjutSnwN+qPbsTph7aSZinfVvBU9FDBIpIzZRSMmkLFFsn8u5vdAoHVehqIfg+tB2xUBTGoU2qfr5OK/5oWnrTKsJzaupVAssuh/ENXJDIAjYw8ViFkD8F62gX2qJOX54UMwycWoAkqBOIMKCeY3uZa+HpxugX0DLfvXNyiSA/xuzSUTwgsHXnUHocXTM6ITYdsGihLDmd6ImFcB1Yi6nT3xU6JtXfg1xnWWGp7l+FbSSA1qu5ULU9+apgLsCMuHYLK5SqWm/DmeiDfQlVIljm5ARI+5Se9Af1kf5bdQTbuzRZPZ\n",
            "public_key_pem": "-----BEGIN PUBLIC KEY-----\nMIIBIjANBgkqhkiG9w0BAQEFAAOCAQ8AMIIBCgKCAQEA5irjBZHYZQYsN1O0uXBw\ngspJ3JjOAyDHJYh57kY7rUp8Dfqj27E6Ye2kmYp31bwVPRQwSKSM2UUjJpCxRbJ/\nLub3QKB1XoaiH4PrQdsVAUxqFNqn6+Tiv+aFp60yrCc2rqVQLLLofxDVyQyAI2MP\nFYhZA/BetoF9qiTl+eFDMMnFqAJKgTiDCgnmN7mWvh6cboF9Ay371zcokgP8bs0l\nE8ILB151B6HF0zOiE2HbBooSw5neiJhXAdWIup098VOibV34NcZ1lhqe5fhW0kgN\naruVC1PfmqYC7AjLh2CyuUqlpvw5nog30JVSJY5uQESPuUnvQH9ZH+W3UE27s0WT\n2QIDAQAB\n-----END PUBLIC KEY-----\n",
            "rsa_bits": 2048
          },
          "sensitive_attributes": []
        }
      ]
    },
    {
      "module": "module.key_pair",
      "mode": "managed",
      "type": "aws_key_pair",
      "name": "this",
      "provider": "provider[\"registry.terraform.io/hashicorp/aws\"]",
      "instances": [
        {
          "index_key": 0,
          "schema_version": 1,
          "attributes": {
            "arn": "arn:aws:ec2:us-east-1:438425290537:key-pair/Deployer",
            "fingerprint": "e2:75:13:38:66:e9:60:0b:b9:90:07:33:c7:3d:b0:50",
            "id": "Deployer",
            "key_name": "Deployer",
            "key_name_prefix": "",
            "key_pair_id": "key-082eb8149736105ae",
            "key_type": "rsa",
            "public_key": "ssh-rsa AAAAB3NzaC1yc2EAAAADAQABAAABAQDmKuMFkdhlBiw3U7S5cHCCykncmM4DIMcliHnuRjutSnwN+qPbsTph7aSZinfVvBU9FDBIpIzZRSMmkLFFsn8u5vdAoHVehqIfg+tB2xUBTGoU2qfr5OK/5oWnrTKsJzaupVAssuh/ENXJDIAjYw8ViFkD8F62gX2qJOX54UMwycWoAkqBOIMKCeY3uZa+HpxugX0DLfvXNyiSA/xuzSUTwgsHXnUHocXTM6ITYdsGihLDmd6ImFcB1Yi6nT3xU6JtXfg1xnWWGp7l+FbSSA1qu5ULU9+apgLsCMuHYLK5SqWm/DmeiDfQlVIljm5ARI+5Se9Af1kf5bdQTbuzRZPZ",
            "tags": {},
            "tags_all": {}
          },
          "sensitive_attributes": [],
          "private": "eyJzY2hlbWFfdmVyc2lvbiI6IjEifQ==",
          "dependencies": [
            "module.key_pair.tls_private_key.this",
            "tls_private_key.this"
          ]
        }
      ]
    }
  ],
  "check_results": null
}
