{
  "version": 4,
  "terraform_version": "1.4.6",
  "serial": 7,
  "lineage": "6a1016af-95fb-119a-763b-e56328b9302a",
  "outputs": {},
  "resources": [
    {
      "mode": "managed",
      "type": "aws_instance",
      "name": "jenkins",
      "provider": "provider[\"registry.terraform.io/hashicorp/aws\"]",
      "instances": [
        {
          "schema_version": 1,
          "attributes": {
            "ami": "ami-0fc5d935ebf8bc3bc",
            "arn": "arn:aws:ec2:us-east-1:438425290537:instance/i-0b6d853757fe739b8",
            "associate_public_ip_address": true,
            "availability_zone": "us-east-1a",
            "capacity_reservation_specification": [
              {
                "capacity_reservation_preference": "open",
                "capacity_reservation_target": []
              }
            ],
            "cpu_core_count": 2,
            "cpu_options": [
              {
                "amd_sev_snp": "",
                "core_count": 2,
                "threads_per_core": 1
              }
            ],
            "cpu_threads_per_core": 1,
            "credit_specification": [
              {
                "cpu_credits": "standard"
              }
            ],
            "disable_api_stop": false,
            "disable_api_termination": false,
            "ebs_block_device": [],
            "ebs_optimized": false,
            "enclave_options": [
              {
                "enabled": false
              }
            ],
            "ephemeral_block_device": [],
            "get_password_data": false,
            "hibernation": false,
            "host_id": "",
            "host_resource_group_arn": null,
            "iam_instance_profile": "",
            "id": "i-0b6d853757fe739b8",
            "instance_initiated_shutdown_behavior": "stop",
            "instance_lifecycle": "",
            "instance_market_options": [],
            "instance_state": "running",
            "instance_type": "t2.medium",
            "ipv6_address_count": 0,
            "ipv6_addresses": [],
            "key_name": "Deployer",
            "launch_template": [],
            "maintenance_options": [
              {
                "auto_recovery": "default"
              }
            ],
            "metadata_options": [
              {
                "http_endpoint": "enabled",
                "http_protocol_ipv6": "disabled",
                "http_put_response_hop_limit": 1,
                "http_tokens": "optional",
                "instance_metadata_tags": "disabled"
              }
            ],
            "monitoring": false,
            "network_interface": [],
            "outpost_arn": "",
            "password_data": "",
            "placement_group": "",
            "placement_partition_number": 0,
            "primary_network_interface_id": "eni-0aa6f0add453a798e",
            "private_dns": "ip-172-31-86-222.ec2.internal",
            "private_dns_name_options": [
              {
                "enable_resource_name_dns_a_record": false,
                "enable_resource_name_dns_aaaa_record": false,
                "hostname_type": "ip-name"
              }
            ],
            "private_ip": "172.31.86.222",
            "public_dns": "ec2-54-221-28-239.compute-1.amazonaws.com",
            "public_ip": "54.221.28.239",
            "root_block_device": [
              {
                "delete_on_termination": true,
                "device_name": "/dev/sda1",
                "encrypted": false,
                "iops": 100,
                "kms_key_id": "",
                "tags": null,
                "throughput": 0,
                "volume_id": "vol-032408da0ea3e0b64",
                "volume_size": 8,
                "volume_type": "gp2"
              }
            ],
            "secondary_private_ips": [],
            "security_groups": [
              "Jenkins-Security Group"
            ],
            "source_dest_check": true,
            "spot_instance_request_id": "",
            "subnet_id": "subnet-08f817e0c9abfbfbe",
            "tags": {
              "Name": "Jenkins"
            },
            "tags_all": {
              "Name": "Jenkins"
            },
            "tenancy": "default",
            "timeouts": null,
            "user_data": "3821f92c23da64c93979890e9ccc32a60ba7f2d0",
            "user_data_base64": null,
            "user_data_replace_on_change": false,
            "volume_tags": null,
            "vpc_security_group_ids": [
              "sg-078ae7e611341052b"
            ]
          },
          "sensitive_attributes": [],
          "private": "eyJlMmJmYjczMC1lY2FhLTExZTYtOGY4OC0zNDM2M2JjN2M0YzAiOnsiY3JlYXRlIjo2MDAwMDAwMDAwMDAsImRlbGV0ZSI6MTIwMDAwMDAwMDAwMCwidXBkYXRlIjo2MDAwMDAwMDAwMDB9LCJzY2hlbWFfdmVyc2lvbiI6IjEifQ==",
          "dependencies": [
            "aws_security_group.Jenkins-sg"
          ]
        }
      ]
    },
    {
      "mode": "managed",
      "type": "aws_security_group",
      "name": "Jenkins-sg",
      "provider": "provider[\"registry.terraform.io/hashicorp/aws\"]",
      "instances": [
        {
          "schema_version": 1,
          "attributes": {
            "arn": "arn:aws:ec2:us-east-1:438425290537:security-group/sg-078ae7e611341052b",
            "description": "Open 22,443,80,8080",
            "egress": [
              {
                "cidr_blocks": [
                  "0.0.0.0/0"
                ],
                "description": "",
                "from_port": 0,
                "ipv6_cidr_blocks": [],
                "prefix_list_ids": [],
                "protocol": "-1",
                "security_groups": [],
                "self": false,
                "to_port": 0
              }
            ],
            "id": "sg-078ae7e611341052b",
            "ingress": [
              {
                "cidr_blocks": [
                  "0.0.0.0/0"
                ],
                "description": "TLS from VPC",
                "from_port": 22,
                "ipv6_cidr_blocks": [],
                "prefix_list_ids": [],
                "protocol": "tcp",
                "security_groups": [],
                "self": false,
                "to_port": 22
              },
              {
                "cidr_blocks": [
                  "0.0.0.0/0"
                ],
                "description": "TLS from VPC",
                "from_port": 443,
                "ipv6_cidr_blocks": [],
                "prefix_list_ids": [],
                "protocol": "tcp",
                "security_groups": [],
                "self": false,
                "to_port": 443
              },
              {
                "cidr_blocks": [
                  "0.0.0.0/0"
                ],
                "description": "TLS from VPC",
                "from_port": 8080,
                "ipv6_cidr_blocks": [],
                "prefix_list_ids": [],
                "protocol": "tcp",
                "security_groups": [],
                "self": false,
                "to_port": 8080
              },
              {
                "cidr_blocks": [
                  "0.0.0.0/0"
                ],
                "description": "TLS from VPC",
                "from_port": 80,
                "ipv6_cidr_blocks": [],
                "prefix_list_ids": [],
                "protocol": "tcp",
                "security_groups": [],
                "self": false,
                "to_port": 80
              }
            ],
            "name": "Jenkins-Security Group",
            "name_prefix": "",
            "owner_id": "438425290537",
            "revoke_rules_on_delete": false,
            "tags": {
              "Name": "Jenkins-sg"
            },
            "tags_all": {
              "Name": "Jenkins-sg"
            },
            "timeouts": null,
            "vpc_id": "vpc-04a35d6baf7acd1fa"
          },
          "sensitive_attributes": [],
          "private": "eyJlMmJmYjczMC1lY2FhLTExZTYtOGY4OC0zNDM2M2JjN2M0YzAiOnsiY3JlYXRlIjo2MDAwMDAwMDAwMDAsImRlbGV0ZSI6OTAwMDAwMDAwMDAwfSwic2NoZW1hX3ZlcnNpb24iOiIxIn0="
        }
      ]
    },
    {
      "mode": "managed",
      "type": "tls_private_key",
      "name": "this",
      "provider": "provider[\"registry.terraform.io/hashicorp/tls\"]",
      "instances": [
        {
          "schema_version": 1,
          "attributes": {
            "algorithm": "RSA",
            "ecdsa_curve": "P224",
            "id": "6e88687be3a69805467178247467c99f24170c96",
            "private_key_openssh": "-----BEGIN OPENSSH PRIVATE KEY-----\nb3BlbnNzaC1rZXktdjEAAAAABG5vbmUAAAAEbm9uZQAAAAAAAAABAAABFwAAAAdz\nc2gtcnNhAAAAAwEAAQAAAQEAt0pIyzXURVUMciGHUT/c8ghflPscG9CvV0JTr8/J\nHd68zDB89IKhIIWXj4IrdL5zZrT+/Ymas6gy+cxMhZFO5tOoq1DZZ54G7OtvgChd\n+9ZTp9ecrs0WuwrvWJ1LsAPvY3dGU+sp6Iq+OGeTSUZ7X4ZvrmoDsUOUmluQD4ll\nheBiTp6gC730omGvqwEs7fX+N1Q5VyCVjudDYrQ8WlR5l7dxd08aZKOmy04fP1Wl\n0zB/Ym6NiXFUVheGrzJv3YsTYOiKONr5q/3X9xp/CeWr/JW2Px0LpYzklDUQwBdk\nNROXZnecSGzTVGj90uEs8AIJby3tat9LmUD6mtlGHgZLswAAA7h0uFDadLhQ2gAA\nAAdzc2gtcnNhAAABAQC3SkjLNdRFVQxyIYdRP9zyCF+U+xwb0K9XQlOvz8kd3rzM\nMHz0gqEghZePgit0vnNmtP79iZqzqDL5zEyFkU7m06irUNlnngbs62+AKF371lOn\n15yuzRa7Cu9YnUuwA+9jd0ZT6ynoir44Z5NJRntfhm+uagOxQ5SaW5APiWWF4GJO\nnqALvfSiYa+rASzt9f43VDlXIJWO50NitDxaVHmXt3F3Txpko6bLTh8/VaXTMH9i\nbo2JcVRWF4avMm/dixNg6Io42vmr/df3Gn8J5av8lbY/HQuljOSUNRDAF2Q1E5dm\nd5xIbNNUaP3S4SzwAglvLe1q30uZQPqa2UYeBkuzAAAAAwEAAQAAAQBalLeM1bll\n2jYgYTmCidEjO8gg1Eh75pIAyaKaDFIUFPOw5XWbUMNYUy0nmujm9QgLBf/ORKbT\niphGoxReHgWkRY3hvD702kAJ7gBYkZqAztbg58ljCa/mF+1ZGcNB5W/09Akph9pa\nNdb0ARvk5pQqDUI8K+BPRlq2PfHf+8LUec1PcagI7CoAdkgJG4Q5gcKt0e5Ea+I9\n0x8B1EgV3eWh5hZQYsaNqvPQ1Pydr3XwVcXDjBi6SclrDyZyhErsy3wlRhUUbZnW\nGmPexrg7UpJoASdTCk2SExUe1e8DvCfGQZgSJ3ldqfq9WVr4FmTlbU/dY7UD0w6F\n9QLGN9CiCOvBAAAAgENq+oLZ7S9MJ+ejUyH3/0fbQVDoj5qsabob2bRxwq2Q42Er\n3iO7vvKFTaA/dPdMxP6Uu5bAhK4khgckEhs8MXedjN4kGyWuE1etzPNr8HEuMc6P\notcw2m8Wnf8eLQ+wDs/ALLj/5JgavzP4ZIz4YVXqduXXC2KeGwiszmSkm0fxAAAA\ngQDiCH5QZW3NGqhiYQz2+a0mnbzX4qynt1dpmIgEnzWoz7chzPiH9KJxh39pesk7\nlce0KWEmcBTDP3aLF0TA6ylk09pZALPkdSDD96Sxmfj9W8ASnW0SrnooYN4yD5eM\n/VpoBWstpXvRp8FoKNM/XBIR2WhiX0ibMNX9wQNtrXNmmQAAAIEAz5cayEdFmltd\nCmSUJhswXpMi/8XA/UoA36m1Qr+H8eKwGRtsHIEAqKrW+24DXBvdylvY+utvMPeT\nqQd7YLf3cUWdpmcE2xLZtg48fUXaLDiI4RfDQPwgbni+z5BBx/WaJpd246QFhcYr\nI5R7J+Fhde94shh0vvGLAnQCXuwekCsAAAAAAQID\n-----END OPENSSH PRIVATE KEY-----\n",
            "private_key_pem": "-----BEGIN RSA PRIVATE KEY-----\nMIIEpAIBAAKCAQEAt0pIyzXURVUMciGHUT/c8ghflPscG9CvV0JTr8/JHd68zDB8\n9IKhIIWXj4IrdL5zZrT+/Ymas6gy+cxMhZFO5tOoq1DZZ54G7OtvgChd+9ZTp9ec\nrs0WuwrvWJ1LsAPvY3dGU+sp6Iq+OGeTSUZ7X4ZvrmoDsUOUmluQD4llheBiTp6g\nC730omGvqwEs7fX+N1Q5VyCVjudDYrQ8WlR5l7dxd08aZKOmy04fP1Wl0zB/Ym6N\niXFUVheGrzJv3YsTYOiKONr5q/3X9xp/CeWr/JW2Px0LpYzklDUQwBdkNROXZnec\nSGzTVGj90uEs8AIJby3tat9LmUD6mtlGHgZLswIDAQABAoIBAFqUt4zVuWXaNiBh\nOYKJ0SM7yCDUSHvmkgDJopoMUhQU87DldZtQw1hTLSea6Ob1CAsF/85EptOKmEaj\nFF4eBaRFjeG8PvTaQAnuAFiRmoDO1uDnyWMJr+YX7VkZw0Hlb/T0CSmH2lo11vQB\nG+TmlCoNQjwr4E9GWrY98d/7wtR5zU9xqAjsKgB2SAkbhDmBwq3R7kRr4j3THwHU\nSBXd5aHmFlBixo2q89DU/J2vdfBVxcOMGLpJyWsPJnKESuzLfCVGFRRtmdYaY97G\nuDtSkmgBJ1MKTZITFR7V7wO8J8ZBmBIneV2p+r1ZWvgWZOVtT91jtQPTDoX1AsY3\n0KII68ECgYEA4gh+UGVtzRqoYmEM9vmtJp281+Ksp7dXaZiIBJ81qM+3Icz4h/Si\ncYd/aXrJO5XHtClhJnAUwz92ixdEwOspZNPaWQCz5HUgw/eksZn4/VvAEp1tEq56\nKGDeMg+XjP1aaAVrLaV70afBaCjTP1wSEdloYl9ImzDV/cEDba1zZpkCgYEAz5ca\nyEdFmltdCmSUJhswXpMi/8XA/UoA36m1Qr+H8eKwGRtsHIEAqKrW+24DXBvdylvY\n+utvMPeTqQd7YLf3cUWdpmcE2xLZtg48fUXaLDiI4RfDQPwgbni+z5BBx/WaJpd2\n46QFhcYrI5R7J+Fhde94shh0vvGLAnQCXuwekCsCgYEAgEM7klmMLjgzVuglmDxk\nIiaeU49AVEe4paY1gRHrPCjqjZanbVbHm069YViYumQrF7Pneg1d6tGnbhQ9IpAP\nRDTnkVvRuREyD6IGZfWuke6vlqCYlWJG1YTqcVPhttLJq39vq05dbcIZAQcxoKGZ\na2GIV1IkfFQBCmatkF49vvkCgYEAv7e/5mPcZlgmr2iAYkkN/OpKkomiWMq1z9q+\nKq0U8lH3bNikmhaR8zQEZCUQOUsLJM56sBIrmL+twZfFXGfKwPQYSwwtsd3Q75Bq\nUQ/oFJsJ30jA7Q1tLlmZb7y8491xxl5wUIC1EP0Z7jw9GXHPPsoxX9mySH5vcY6O\neff7qg0CgYBDavqC2e0vTCfno1Mh9/9H20FQ6I+arGm6G9m0ccKtkONhK94ju77y\nhU2gP3T3TMT+lLuWwISuJIYHJBIbPDF3nYzeJBslrhNXrczza/BxLjHOj6LXMNpv\nFp3/Hi0PsA7PwCy4/+SYGr8z+GSM+GFV6nbl1wtinhsIrM5kpJtH8Q==\n-----END RSA PRIVATE KEY-----\n",
            "private_key_pem_pkcs8": "-----BEGIN PRIVATE KEY-----\nMIIEvgIBADANBgkqhkiG9w0BAQEFAASCBKgwggSkAgEAAoIBAQC3SkjLNdRFVQxy\nIYdRP9zyCF+U+xwb0K9XQlOvz8kd3rzMMHz0gqEghZePgit0vnNmtP79iZqzqDL5\nzEyFkU7m06irUNlnngbs62+AKF371lOn15yuzRa7Cu9YnUuwA+9jd0ZT6ynoir44\nZ5NJRntfhm+uagOxQ5SaW5APiWWF4GJOnqALvfSiYa+rASzt9f43VDlXIJWO50Ni\ntDxaVHmXt3F3Txpko6bLTh8/VaXTMH9ibo2JcVRWF4avMm/dixNg6Io42vmr/df3\nGn8J5av8lbY/HQuljOSUNRDAF2Q1E5dmd5xIbNNUaP3S4SzwAglvLe1q30uZQPqa\n2UYeBkuzAgMBAAECggEAWpS3jNW5Zdo2IGE5gonRIzvIINRIe+aSAMmimgxSFBTz\nsOV1m1DDWFMtJ5ro5vUICwX/zkSm04qYRqMUXh4FpEWN4bw+9NpACe4AWJGagM7W\n4OfJYwmv5hftWRnDQeVv9PQJKYfaWjXW9AEb5OaUKg1CPCvgT0Zatj3x3/vC1HnN\nT3GoCOwqAHZICRuEOYHCrdHuRGviPdMfAdRIFd3loeYWUGLGjarz0NT8na918FXF\nw4wYuknJaw8mcoRK7Mt8JUYVFG2Z1hpj3sa4O1KSaAEnUwpNkhMVHtXvA7wnxkGY\nEid5Xan6vVla+BZk5W1P3WO1A9MOhfUCxjfQogjrwQKBgQDiCH5QZW3NGqhiYQz2\n+a0mnbzX4qynt1dpmIgEnzWoz7chzPiH9KJxh39pesk7lce0KWEmcBTDP3aLF0TA\n6ylk09pZALPkdSDD96Sxmfj9W8ASnW0SrnooYN4yD5eM/VpoBWstpXvRp8FoKNM/\nXBIR2WhiX0ibMNX9wQNtrXNmmQKBgQDPlxrIR0WaW10KZJQmGzBekyL/xcD9SgDf\nqbVCv4fx4rAZG2wcgQCoqtb7bgNcG93KW9j6628w95OpB3tgt/dxRZ2mZwTbEtm2\nDjx9RdosOIjhF8NA/CBueL7PkEHH9Zoml3bjpAWFxisjlHsn4WF173iyGHS+8YsC\ndAJe7B6QKwKBgQCAQzuSWYwuODNW6CWYPGQiJp5Tj0BUR7ilpjWBEes8KOqNlqdt\nVsebTr1hWJi6ZCsXs+d6DV3q0aduFD0ikA9ENOeRW9G5ETIPogZl9a6R7q+WoJiV\nYkbVhOpxU+G20smrf2+rTl1twhkBBzGgoZlrYYhXUiR8VAEKZq2QXj2++QKBgQC/\nt7/mY9xmWCavaIBiSQ386kqSiaJYyrXP2r4qrRTyUfds2KSaFpHzNARkJRA5Swsk\nznqwEiuYv63Bl8VcZ8rA9BhLDC2x3dDvkGpRD+gUmwnfSMDtDW0uWZlvvLzj3XHG\nXnBQgLUQ/RnuPD0Zcc8+yjFf2bJIfm9xjo559/uqDQKBgENq+oLZ7S9MJ+ejUyH3\n/0fbQVDoj5qsabob2bRxwq2Q42Er3iO7vvKFTaA/dPdMxP6Uu5bAhK4khgckEhs8\nMXedjN4kGyWuE1etzPNr8HEuMc6Potcw2m8Wnf8eLQ+wDs/ALLj/5JgavzP4ZIz4\nYVXqduXXC2KeGwiszmSkm0fx\n-----END PRIVATE KEY-----\n",
            "public_key_fingerprint_md5": "16:a8:e6:ee:1e:68:8c:cb:df:01:e6:ce:a6:37:b6:d4",
            "public_key_fingerprint_sha256": "SHA256:LgWS4vCor9YSe8t9D1LQy9+sxpecIKT+J5/E3i4UxMo",
            "public_key_openssh": "ssh-rsa AAAAB3NzaC1yc2EAAAADAQABAAABAQC3SkjLNdRFVQxyIYdRP9zyCF+U+xwb0K9XQlOvz8kd3rzMMHz0gqEghZePgit0vnNmtP79iZqzqDL5zEyFkU7m06irUNlnngbs62+AKF371lOn15yuzRa7Cu9YnUuwA+9jd0ZT6ynoir44Z5NJRntfhm+uagOxQ5SaW5APiWWF4GJOnqALvfSiYa+rASzt9f43VDlXIJWO50NitDxaVHmXt3F3Txpko6bLTh8/VaXTMH9ibo2JcVRWF4avMm/dixNg6Io42vmr/df3Gn8J5av8lbY/HQuljOSUNRDAF2Q1E5dmd5xIbNNUaP3S4SzwAglvLe1q30uZQPqa2UYeBkuz\n",
            "public_key_pem": "-----BEGIN PUBLIC KEY-----\nMIIBIjANBgkqhkiG9w0BAQEFAAOCAQ8AMIIBCgKCAQEAt0pIyzXURVUMciGHUT/c\n8ghflPscG9CvV0JTr8/JHd68zDB89IKhIIWXj4IrdL5zZrT+/Ymas6gy+cxMhZFO\n5tOoq1DZZ54G7OtvgChd+9ZTp9ecrs0WuwrvWJ1LsAPvY3dGU+sp6Iq+OGeTSUZ7\nX4ZvrmoDsUOUmluQD4llheBiTp6gC730omGvqwEs7fX+N1Q5VyCVjudDYrQ8WlR5\nl7dxd08aZKOmy04fP1Wl0zB/Ym6NiXFUVheGrzJv3YsTYOiKONr5q/3X9xp/CeWr\n/JW2Px0LpYzklDUQwBdkNROXZnecSGzTVGj90uEs8AIJby3tat9LmUD6mtlGHgZL\nswIDAQAB\n-----END PUBLIC KEY-----\n",
            "rsa_bits": 2048
          },
          "sensitive_attributes": []
        }
      ]
    },
    {
      "module": "module.key_pair",
      "mode": "managed",
      "type": "aws_key_pair",
      "name": "this",
      "provider": "provider[\"registry.terraform.io/hashicorp/aws\"]",
      "instances": [
        {
          "index_key": 0,
          "schema_version": 1,
          "attributes": {
            "arn": "arn:aws:ec2:us-east-1:438425290537:key-pair/Deployer",
            "fingerprint": "d2:b0:75:42:fb:33:e6:6f:3b:a9:64:de:c9:8c:12:f7",
            "id": "Deployer",
            "key_name": "Deployer",
            "key_name_prefix": "",
            "key_pair_id": "key-0bea48921ce01d759",
            "key_type": "rsa",
            "public_key": "ssh-rsa AAAAB3NzaC1yc2EAAAADAQABAAABAQC3SkjLNdRFVQxyIYdRP9zyCF+U+xwb0K9XQlOvz8kd3rzMMHz0gqEghZePgit0vnNmtP79iZqzqDL5zEyFkU7m06irUNlnngbs62+AKF371lOn15yuzRa7Cu9YnUuwA+9jd0ZT6ynoir44Z5NJRntfhm+uagOxQ5SaW5APiWWF4GJOnqALvfSiYa+rASzt9f43VDlXIJWO50NitDxaVHmXt3F3Txpko6bLTh8/VaXTMH9ibo2JcVRWF4avMm/dixNg6Io42vmr/df3Gn8J5av8lbY/HQuljOSUNRDAF2Q1E5dmd5xIbNNUaP3S4SzwAglvLe1q30uZQPqa2UYeBkuz",
            "tags": null,
            "tags_all": {}
          },
          "sensitive_attributes": [],
          "private": "eyJzY2hlbWFfdmVyc2lvbiI6IjEifQ==",
          "dependencies": [
            "module.key_pair.tls_private_key.this",
            "tls_private_key.this"
          ]
        }
      ]
    }
  ],
  "check_results": null
}
